
Microsoft Visual Studio Solution File, Format Version 12.00
# Visual Studio Version 16
VisualStudioVersion = 16.0.31702.278
MinimumVisualStudioVersion = 10.0.40219.1
Project("{FAE04EC0-301F-11D3-BF4B-00C04F79EFBC}") = "Ahorcado", "Ahorcado\Ahorcado.csproj", "{6AF15674-7626-477A-99F7-B3357200189E}"
EndProject
Global
	GlobalSection(SolutionConfigurationPlatforms) = preSolution
		Debug|Any CPU = Debug|Any CPU
		Release|Any CPU = Release|Any CPU
	EndGlobalSection
	GlobalSection(ProjectConfigurationPlatforms) = postSolution
		{6AF15674-7626-477A-99F7-B3357200189E}.Debug|Any CPU.ActiveCfg = Debug|Any CPU
		{6AF15674-7626-477A-99F7-B3357200189E}.Debug|Any CPU.Build.0 = Debug|Any CPU
		{6AF15674-7626-477A-99F7-B3357200189E}.Release|Any CPU.ActiveCfg = Release|Any CPU
		{6AF15674-7626-477A-99F7-B3357200189E}.Release|Any CPU.Build.0 = Release|Any CPU
	EndGlobalSection
	GlobalSection(SolutionProperties) = preSolution
		HideSolutionNode = FALSE
	EndGlobalSection
	GlobalSection(ExtensibilityGlobals) = postSolution
		SolutionGuid = {F3DFA0B2-7C97-47C5-AFCC-8959CF41F272}
	EndGlobalSection
EndGlobal
